
Microsoft Visual Studio Solution File, Format Version 12.00
# Visual Studio Version 17
VisualStudioVersion = 17.0.31903.59
MinimumVisualStudioVersion = 10.0.40219.1
Project("{2150E333-8FDC-42A3-9474-1A3956D46DE8}") = "PedidoAPI", "PedidoAPI", "{AC14F7A5-5B31-406C-B53A-50D6415F7173}"
EndProject
Project("{FAE04EC0-301F-11D3-BF4B-00C04F79EFBC}") = "Presentation", "PedidoAPI\Presentation\Presentation.csproj", "{1021807C-666B-43D4-A524-A60089AEBBBF}"
EndProject
Project("{FAE04EC0-301F-11D3-BF4B-00C04F79EFBC}") = "Business", "PedidoAPI\Business\Business.csproj", "{3D7D9A0D-4363-4697-A5CD-6DEE09406B96}"
EndProject
Project("{FAE04EC0-301F-11D3-BF4B-00C04F79EFBC}") = "Data", "PedidoAPI\Data\Data.csproj", "{7CF53113-DCC7-408E-A0D9-CFF7F3B9B92C}"
EndProject
Project("{FAE04EC0-301F-11D3-BF4B-00C04F79EFBC}") = "Messaging", "PedidoAPI\Messaging\Messaging.csproj", "{C294A9CD-188F-4F61-AC8C-D9AC9125FFA7}"
EndProject
Project("{2150E333-8FDC-42A3-9474-1A3956D46DE8}") = "NotificacaoAPI", "NotificacaoAPI", "{1A73DE5F-2670-4C73-8A4F-D5E51BC5F240}"
EndProject
Project("{FAE04EC0-301F-11D3-BF4B-00C04F79EFBC}") = "Presentation", "NotificacaoAPI\Presentation\Presentation.csproj", "{9965CA6A-2E82-4947-9322-2256E46F7BFD}"
EndProject
Project("{FAE04EC0-301F-11D3-BF4B-00C04F79EFBC}") = "Business", "NotificacaoAPI\Business\Business.csproj", "{4627E497-4924-4615-A51F-7B135BAB91B4}"
EndProject
Project("{FAE04EC0-301F-11D3-BF4B-00C04F79EFBC}") = "Data", "NotificacaoAPI\Data\Data.csproj", "{74F61D39-AFB3-459B-BE91-6D9E57A454C1}"
EndProject
Project("{FAE04EC0-301F-11D3-BF4B-00C04F79EFBC}") = "Messaging", "NotificacaoAPI\Messaging\Messaging.csproj", "{ACCE2BC7-5AC4-4F76-9518-255EB75C2463}"
EndProject
Project("{2150E333-8FDC-42A3-9474-1A3956D46DE8}") = "EventosAPI", "EventosAPI", "{8171778B-BBAF-4C83-A391-CE1B0D265D28}"
EndProject
Project("{FAE04EC0-301F-11D3-BF4B-00C04F79EFBC}") = "Presentation", "EventosAPI\Presentation\Presentation.csproj", "{C07D405E-5ED9-4CD3-BDA0-866BFDD87452}"
EndProject
Project("{FAE04EC0-301F-11D3-BF4B-00C04F79EFBC}") = "Business", "EventosAPI\Business\Business.csproj", "{B4D1EDB2-B025-4937-8CA0-AE7BF7DF3A97}"
EndProject
Project("{FAE04EC0-301F-11D3-BF4B-00C04F79EFBC}") = "Data", "EventosAPI\Data\Data.csproj", "{1CBDD22E-7330-43F1-9C8F-91B6F5FCAEB8}"
EndProject
Project("{FAE04EC0-301F-11D3-BF4B-00C04F79EFBC}") = "Messaging", "EventosAPI\Messaging\Messaging.csproj", "{92B9F42E-E079-4D8E-B822-AEC99BA0E207}"
EndProject
Global
	GlobalSection(SolutionConfigurationPlatforms) = preSolution
		Debug|Any CPU = Debug|Any CPU
		Release|Any CPU = Release|Any CPU
	EndGlobalSection
	GlobalSection(SolutionProperties) = preSolution
		HideSolutionNode = FALSE
	EndGlobalSection
	GlobalSection(ProjectConfigurationPlatforms) = postSolution
		{1021807C-666B-43D4-A524-A60089AEBBBF}.Debug|Any CPU.ActiveCfg = Debug|Any CPU
		{1021807C-666B-43D4-A524-A60089AEBBBF}.Debug|Any CPU.Build.0 = Debug|Any CPU
		{1021807C-666B-43D4-A524-A60089AEBBBF}.Release|Any CPU.ActiveCfg = Release|Any CPU
		{1021807C-666B-43D4-A524-A60089AEBBBF}.Release|Any CPU.Build.0 = Release|Any CPU
		{3D7D9A0D-4363-4697-A5CD-6DEE09406B96}.Debug|Any CPU.ActiveCfg = Debug|Any CPU
		{3D7D9A0D-4363-4697-A5CD-6DEE09406B96}.Debug|Any CPU.Build.0 = Debug|Any CPU
		{3D7D9A0D-4363-4697-A5CD-6DEE09406B96}.Release|Any CPU.ActiveCfg = Release|Any CPU
		{3D7D9A0D-4363-4697-A5CD-6DEE09406B96}.Release|Any CPU.Build.0 = Release|Any CPU
		{7CF53113-DCC7-408E-A0D9-CFF7F3B9B92C}.Debug|Any CPU.ActiveCfg = Debug|Any CPU
		{7CF53113-DCC7-408E-A0D9-CFF7F3B9B92C}.Debug|Any CPU.Build.0 = Debug|Any CPU
		{7CF53113-DCC7-408E-A0D9-CFF7F3B9B92C}.Release|Any CPU.ActiveCfg = Release|Any CPU
		{7CF53113-DCC7-408E-A0D9-CFF7F3B9B92C}.Release|Any CPU.Build.0 = Release|Any CPU
		{C294A9CD-188F-4F61-AC8C-D9AC9125FFA7}.Debug|Any CPU.ActiveCfg = Debug|Any CPU
		{C294A9CD-188F-4F61-AC8C-D9AC9125FFA7}.Debug|Any CPU.Build.0 = Debug|Any CPU
		{C294A9CD-188F-4F61-AC8C-D9AC9125FFA7}.Release|Any CPU.ActiveCfg = Release|Any CPU
		{C294A9CD-188F-4F61-AC8C-D9AC9125FFA7}.Release|Any CPU.Build.0 = Release|Any CPU
		{9965CA6A-2E82-4947-9322-2256E46F7BFD}.Debug|Any CPU.ActiveCfg = Debug|Any CPU
		{9965CA6A-2E82-4947-9322-2256E46F7BFD}.Debug|Any CPU.Build.0 = Debug|Any CPU
		{9965CA6A-2E82-4947-9322-2256E46F7BFD}.Release|Any CPU.ActiveCfg = Release|Any CPU
		{9965CA6A-2E82-4947-9322-2256E46F7BFD}.Release|Any CPU.Build.0 = Release|Any CPU
		{4627E497-4924-4615-A51F-7B135BAB91B4}.Debug|Any CPU.ActiveCfg = Debug|Any CPU
		{4627E497-4924-4615-A51F-7B135BAB91B4}.Debug|Any CPU.Build.0 = Debug|Any CPU
		{4627E497-4924-4615-A51F-7B135BAB91B4}.Release|Any CPU.ActiveCfg = Release|Any CPU
		{4627E497-4924-4615-A51F-7B135BAB91B4}.Release|Any CPU.Build.0 = Release|Any CPU
		{74F61D39-AFB3-459B-BE91-6D9E57A454C1}.Debug|Any CPU.ActiveCfg = Debug|Any CPU
		{74F61D39-AFB3-459B-BE91-6D9E57A454C1}.Debug|Any CPU.Build.0 = Debug|Any CPU
		{74F61D39-AFB3-459B-BE91-6D9E57A454C1}.Release|Any CPU.ActiveCfg = Release|Any CPU
		{74F61D39-AFB3-459B-BE91-6D9E57A454C1}.Release|Any CPU.Build.0 = Release|Any CPU
		{ACCE2BC7-5AC4-4F76-9518-255EB75C2463}.Debug|Any CPU.ActiveCfg = Debug|Any CPU
		{ACCE2BC7-5AC4-4F76-9518-255EB75C2463}.Debug|Any CPU.Build.0 = Debug|Any CPU
		{ACCE2BC7-5AC4-4F76-9518-255EB75C2463}.Release|Any CPU.ActiveCfg = Release|Any CPU
		{ACCE2BC7-5AC4-4F76-9518-255EB75C2463}.Release|Any CPU.Build.0 = Release|Any CPU
		{C07D405E-5ED9-4CD3-BDA0-866BFDD87452}.Debug|Any CPU.ActiveCfg = Debug|Any CPU
		{C07D405E-5ED9-4CD3-BDA0-866BFDD87452}.Debug|Any CPU.Build.0 = Debug|Any CPU
		{C07D405E-5ED9-4CD3-BDA0-866BFDD87452}.Release|Any CPU.ActiveCfg = Release|Any CPU
		{C07D405E-5ED9-4CD3-BDA0-866BFDD87452}.Release|Any CPU.Build.0 = Release|Any CPU
		{B4D1EDB2-B025-4937-8CA0-AE7BF7DF3A97}.Debug|Any CPU.ActiveCfg = Debug|Any CPU
		{B4D1EDB2-B025-4937-8CA0-AE7BF7DF3A97}.Debug|Any CPU.Build.0 = Debug|Any CPU
		{B4D1EDB2-B025-4937-8CA0-AE7BF7DF3A97}.Release|Any CPU.ActiveCfg = Release|Any CPU
		{B4D1EDB2-B025-4937-8CA0-AE7BF7DF3A97}.Release|Any CPU.Build.0 = Release|Any CPU
		{1CBDD22E-7330-43F1-9C8F-91B6F5FCAEB8}.Debug|Any CPU.ActiveCfg = Debug|Any CPU
		{1CBDD22E-7330-43F1-9C8F-91B6F5FCAEB8}.Debug|Any CPU.Build.0 = Debug|Any CPU
		{1CBDD22E-7330-43F1-9C8F-91B6F5FCAEB8}.Release|Any CPU.ActiveCfg = Release|Any CPU
		{1CBDD22E-7330-43F1-9C8F-91B6F5FCAEB8}.Release|Any CPU.Build.0 = Release|Any CPU
		{92B9F42E-E079-4D8E-B822-AEC99BA0E207}.Debug|Any CPU.ActiveCfg = Debug|Any CPU
		{92B9F42E-E079-4D8E-B822-AEC99BA0E207}.Debug|Any CPU.Build.0 = Debug|Any CPU
		{92B9F42E-E079-4D8E-B822-AEC99BA0E207}.Release|Any CPU.ActiveCfg = Release|Any CPU
		{92B9F42E-E079-4D8E-B822-AEC99BA0E207}.Release|Any CPU.Build.0 = Release|Any CPU
	EndGlobalSection
	GlobalSection(NestedProjects) = preSolution
		{1021807C-666B-43D4-A524-A60089AEBBBF} = {AC14F7A5-5B31-406C-B53A-50D6415F7173}
		{3D7D9A0D-4363-4697-A5CD-6DEE09406B96} = {AC14F7A5-5B31-406C-B53A-50D6415F7173}
		{7CF53113-DCC7-408E-A0D9-CFF7F3B9B92C} = {AC14F7A5-5B31-406C-B53A-50D6415F7173}
		{C294A9CD-188F-4F61-AC8C-D9AC9125FFA7} = {AC14F7A5-5B31-406C-B53A-50D6415F7173}
		{9965CA6A-2E82-4947-9322-2256E46F7BFD} = {1A73DE5F-2670-4C73-8A4F-D5E51BC5F240}
		{4627E497-4924-4615-A51F-7B135BAB91B4} = {1A73DE5F-2670-4C73-8A4F-D5E51BC5F240}
		{74F61D39-AFB3-459B-BE91-6D9E57A454C1} = {1A73DE5F-2670-4C73-8A4F-D5E51BC5F240}
		{ACCE2BC7-5AC4-4F76-9518-255EB75C2463} = {1A73DE5F-2670-4C73-8A4F-D5E51BC5F240}
		{C07D405E-5ED9-4CD3-BDA0-866BFDD87452} = {8171778B-BBAF-4C83-A391-CE1B0D265D28}
		{B4D1EDB2-B025-4937-8CA0-AE7BF7DF3A97} = {8171778B-BBAF-4C83-A391-CE1B0D265D28}
		{1CBDD22E-7330-43F1-9C8F-91B6F5FCAEB8} = {8171778B-BBAF-4C83-A391-CE1B0D265D28}
		{92B9F42E-E079-4D8E-B822-AEC99BA0E207} = {8171778B-BBAF-4C83-A391-CE1B0D265D28}
	EndGlobalSection
EndGlobal
